
Microsoft Visual Studio Solution File, Format Version 12.00
# Visual Studio Version 16
VisualStudioVersion = 16.0.30204.135
MinimumVisualStudioVersion = 10.0.40219.1
Project("{FAE04EC0-301F-11D3-BF4B-00C04F79EFBC}") = "Day3Assign", "Day3Assign\Day3Assign.csproj", "{0FEA3F66-8E19-41A4-BD05-D6D670E03286}"
EndProject
Global
	GlobalSection(SolutionConfigurationPlatforms) = preSolution
		Debug|Any CPU = Debug|Any CPU
		Release|Any CPU = Release|Any CPU
	EndGlobalSection
	GlobalSection(ProjectConfigurationPlatforms) = postSolution
		{0FEA3F66-8E19-41A4-BD05-D6D670E03286}.Debug|Any CPU.ActiveCfg = Debug|Any CPU
		{0FEA3F66-8E19-41A4-BD05-D6D670E03286}.Debug|Any CPU.Build.0 = Debug|Any CPU
		{0FEA3F66-8E19-41A4-BD05-D6D670E03286}.Release|Any CPU.ActiveCfg = Release|Any CPU
		{0FEA3F66-8E19-41A4-BD05-D6D670E03286}.Release|Any CPU.Build.0 = Release|Any CPU
	EndGlobalSection
	GlobalSection(SolutionProperties) = preSolution
		HideSolutionNode = FALSE
	EndGlobalSection
	GlobalSection(ExtensibilityGlobals) = postSolution
		SolutionGuid = {0C9C23A6-96F8-4B26-93E0-EF64E0C35F67}
	EndGlobalSection
EndGlobal
